
Microsoft Visual Studio Solution File, Format Version 12.00
# Visual Studio Version 16
VisualStudioVersion = 16.0.30114.105
MinimumVisualStudioVersion = 10.0.40219.1
Project("{888888A0-9F3D-457C-B088-3A5042F75D52}") = "Assignment02", "Assignment02\Assignment02.pyproj", "{FADA83E1-5A93-4267-B6BB-8D10A5DE54F0}"
EndProject
Global
	GlobalSection(SolutionConfigurationPlatforms) = preSolution
		Debug|Any CPU = Debug|Any CPU
		Release|Any CPU = Release|Any CPU
	EndGlobalSection
	GlobalSection(ProjectConfigurationPlatforms) = postSolution
		{FADA83E1-5A93-4267-B6BB-8D10A5DE54F0}.Debug|Any CPU.ActiveCfg = Debug|Any CPU
		{FADA83E1-5A93-4267-B6BB-8D10A5DE54F0}.Release|Any CPU.ActiveCfg = Release|Any CPU
	EndGlobalSection
	GlobalSection(SolutionProperties) = preSolution
		HideSolutionNode = FALSE
	EndGlobalSection
	GlobalSection(ExtensibilityGlobals) = postSolution
		SolutionGuid = {FBE20E11-2B41-43CB-866A-4D60301F8653}
	EndGlobalSection
EndGlobal
